
Microsoft Visual Studio Solution File, Format Version 12.00
# Visual Studio Version 16
VisualStudioVersion = 16.0.30011.22
MinimumVisualStudioVersion = 10.0.40219.1
Project("{2150E333-8FDC-42A3-9474-1A3956D46DE8}") = "src", "src", "{E4B54C7C-7C6A-4422-AC35-E24F547BBBEC}"
EndProject
Project("{2150E333-8FDC-42A3-9474-1A3956D46DE8}") = "test", "test", "{F45746FC-FD40-4B63-BE5D-EAC399D55B78}"
EndProject
Project("{9A19103F-16F7-4668-BE54-9A1E7A4F7556}") = "Blaven", "src\Blaven\Blaven.csproj", "{D05AA213-DC9A-409E-90AB-ED57B4049A35}"
EndProject
Project("{9A19103F-16F7-4668-BE54-9A1E7A4F7556}") = "Blaven.DependencyInjection", "src\Blaven.DependencyInjection\Blaven.DependencyInjection.csproj", "{270D6E56-E107-479C-BA23-5160D19037EB}"
EndProject
Project("{9A19103F-16F7-4668-BE54-9A1E7A4F7556}") = "Blaven.Tests", "test\Blaven.Tests\Blaven.Tests.csproj", "{63CF6DED-A01B-4C55-8A23-E3E3BFC5D0DF}"
EndProject
Project("{2150E333-8FDC-42A3-9474-1A3956D46DE8}") = "testing", "testing", "{B87132BE-3EB6-4A30-960F-01F72AE49DD9}"
EndProject
Project("{9A19103F-16F7-4668-BE54-9A1E7A4F7556}") = "Blaven.Testing", "src\Blaven.Testing\Blaven.Testing.csproj", "{6A34F7D0-08BF-4840-B373-766FCA02C1C8}"
EndProject
Project("{2150E333-8FDC-42A3-9474-1A3956D46DE8}") = "Solution Items", "Solution Items", "{90C0340D-DFA5-4213-ABAC-5065EE89181F}"
	ProjectSection(SolutionItems) = preProject
		.editorconfig = .editorconfig
	EndProjectSection
EndProject
Project("{FAE04EC0-301F-11D3-BF4B-00C04F79EFBC}") = "Blaven.BlogSources.Markdown", "src\Blaven.BlogSources.Markdown\Blaven.BlogSources.Markdown.csproj", "{96867C5E-2006-4C12-B79B-A80E1F7D706B}"
EndProject
Project("{FAE04EC0-301F-11D3-BF4B-00C04F79EFBC}") = "Blaven.BlogSources.Markdown.Tests", "test\Blaven.BlogSources.Markdown.Tests\Blaven.BlogSources.Markdown.Tests.csproj", "{6DD283B1-1497-4B62-AF2C-1B554E7D9BFC}"
EndProject
Global
	GlobalSection(SolutionConfigurationPlatforms) = preSolution
		Debug|Any CPU = Debug|Any CPU
		Release|Any CPU = Release|Any CPU
	EndGlobalSection
	GlobalSection(ProjectConfigurationPlatforms) = postSolution
		{D05AA213-DC9A-409E-90AB-ED57B4049A35}.Debug|Any CPU.ActiveCfg = Debug|Any CPU
		{D05AA213-DC9A-409E-90AB-ED57B4049A35}.Debug|Any CPU.Build.0 = Debug|Any CPU
		{D05AA213-DC9A-409E-90AB-ED57B4049A35}.Release|Any CPU.ActiveCfg = Release|Any CPU
		{D05AA213-DC9A-409E-90AB-ED57B4049A35}.Release|Any CPU.Build.0 = Release|Any CPU
		{270D6E56-E107-479C-BA23-5160D19037EB}.Debug|Any CPU.ActiveCfg = Debug|Any CPU
		{270D6E56-E107-479C-BA23-5160D19037EB}.Debug|Any CPU.Build.0 = Debug|Any CPU
		{270D6E56-E107-479C-BA23-5160D19037EB}.Release|Any CPU.ActiveCfg = Release|Any CPU
		{270D6E56-E107-479C-BA23-5160D19037EB}.Release|Any CPU.Build.0 = Release|Any CPU
		{63CF6DED-A01B-4C55-8A23-E3E3BFC5D0DF}.Debug|Any CPU.ActiveCfg = Debug|Any CPU
		{63CF6DED-A01B-4C55-8A23-E3E3BFC5D0DF}.Debug|Any CPU.Build.0 = Debug|Any CPU
		{63CF6DED-A01B-4C55-8A23-E3E3BFC5D0DF}.Release|Any CPU.ActiveCfg = Release|Any CPU
		{63CF6DED-A01B-4C55-8A23-E3E3BFC5D0DF}.Release|Any CPU.Build.0 = Release|Any CPU
		{6A34F7D0-08BF-4840-B373-766FCA02C1C8}.Debug|Any CPU.ActiveCfg = Debug|Any CPU
		{6A34F7D0-08BF-4840-B373-766FCA02C1C8}.Debug|Any CPU.Build.0 = Debug|Any CPU
		{6A34F7D0-08BF-4840-B373-766FCA02C1C8}.Release|Any CPU.ActiveCfg = Release|Any CPU
		{6A34F7D0-08BF-4840-B373-766FCA02C1C8}.Release|Any CPU.Build.0 = Release|Any CPU
		{96867C5E-2006-4C12-B79B-A80E1F7D706B}.Debug|Any CPU.ActiveCfg = Debug|Any CPU
		{96867C5E-2006-4C12-B79B-A80E1F7D706B}.Debug|Any CPU.Build.0 = Debug|Any CPU
		{96867C5E-2006-4C12-B79B-A80E1F7D706B}.Release|Any CPU.ActiveCfg = Release|Any CPU
		{96867C5E-2006-4C12-B79B-A80E1F7D706B}.Release|Any CPU.Build.0 = Release|Any CPU
		{6DD283B1-1497-4B62-AF2C-1B554E7D9BFC}.Debug|Any CPU.ActiveCfg = Debug|Any CPU
		{6DD283B1-1497-4B62-AF2C-1B554E7D9BFC}.Debug|Any CPU.Build.0 = Debug|Any CPU
		{6DD283B1-1497-4B62-AF2C-1B554E7D9BFC}.Release|Any CPU.ActiveCfg = Release|Any CPU
		{6DD283B1-1497-4B62-AF2C-1B554E7D9BFC}.Release|Any CPU.Build.0 = Release|Any CPU
	EndGlobalSection
	GlobalSection(SolutionProperties) = preSolution
		HideSolutionNode = FALSE
	EndGlobalSection
	GlobalSection(NestedProjects) = preSolution
		{D05AA213-DC9A-409E-90AB-ED57B4049A35} = {E4B54C7C-7C6A-4422-AC35-E24F547BBBEC}
		{270D6E56-E107-479C-BA23-5160D19037EB} = {E4B54C7C-7C6A-4422-AC35-E24F547BBBEC}
		{63CF6DED-A01B-4C55-8A23-E3E3BFC5D0DF} = {F45746FC-FD40-4B63-BE5D-EAC399D55B78}
		{B87132BE-3EB6-4A30-960F-01F72AE49DD9} = {F45746FC-FD40-4B63-BE5D-EAC399D55B78}
		{6A34F7D0-08BF-4840-B373-766FCA02C1C8} = {B87132BE-3EB6-4A30-960F-01F72AE49DD9}
		{96867C5E-2006-4C12-B79B-A80E1F7D706B} = {E4B54C7C-7C6A-4422-AC35-E24F547BBBEC}
		{6DD283B1-1497-4B62-AF2C-1B554E7D9BFC} = {F45746FC-FD40-4B63-BE5D-EAC399D55B78}
	EndGlobalSection
	GlobalSection(ExtensibilityGlobals) = postSolution
		SolutionGuid = {FF8A751E-8CED-46E6-8E56-E78FB74B40ED}
	EndGlobalSection
EndGlobal
