
Microsoft Visual Studio Solution File, Format Version 12.00
# Visual Studio 14
VisualStudioVersion = 14.0.25420.1
MinimumVisualStudioVersion = 10.0.40219.1
Project("{FAE04EC0-301F-11D3-BF4B-00C04F79EFBC}") = "Blaven.Tests", "test\Blaven.Tests\Blaven.Tests.csproj", "{1644FBD1-085D-40E1-8B1F-CFCE1FC059AE}"
EndProject
Project("{FAE04EC0-301F-11D3-BF4B-00C04F79EFBC}") = "Blaven.BlogSources.Blogger.Tests", "test\Blaven.BlogSources.Blogger.Tests\Blaven.BlogSources.Blogger.Tests.csproj", "{FFA84615-99B6-4498-B5AE-43161A364BBF}"
EndProject
Project("{FAE04EC0-301F-11D3-BF4B-00C04F79EFBC}") = "Blaven.BlogSources.Blogger.IntegrationsTests", "test\Blaven.BlogSources.Blogger.IntegrationsTests\Blaven.BlogSources.Blogger.IntegrationsTests.csproj", "{24FB1E1F-4E4F-4063-A54C-99110840C2C7}"
EndProject
Project("{FAE04EC0-301F-11D3-BF4B-00C04F79EFBC}") = "Blaven.BlogSources.Blogger.Portable", "src\Blaven.BlogSources.Blogger\Blaven.BlogSources.Blogger.Portable.csproj", "{2CFAE5BB-82DF-4710-9E9D-0910176A621D}"
EndProject
Project("{FAE04EC0-301F-11D3-BF4B-00C04F79EFBC}") = "Blaven.Testing", "test\Blaven.Testing\Blaven.Testing.csproj", "{87FBF4E8-FBC4-44D4-969A-785C892AEE30}"
EndProject
Project("{FAE04EC0-301F-11D3-BF4B-00C04F79EFBC}") = "Blaven.DataStorage.RavenDb.Portable", "src\Blaven.Storage.RavenDb\Blaven.DataStorage.RavenDb.Portable.csproj", "{A2A3ECDB-63FD-4F79-80B3-28B4DF4E3DEF}"
EndProject
Project("{FAE04EC0-301F-11D3-BF4B-00C04F79EFBC}") = "Blaven.DataStorage.RavenDb.Tests", "test\Blaven.Storage.RavenDb.Tests\Blaven.DataStorage.RavenDb.Tests.csproj", "{9779E4D2-BD05-4105-96E3-D1D51CE06B00}"
EndProject
Project("{FAE04EC0-301F-11D3-BF4B-00C04F79EFBC}") = "Blaven.DataStorage.RavenDb", "src\Blaven.Storage.RavenDb\Blaven.DataStorage.RavenDb.csproj", "{E32D1734-8A79-42A3-863D-782A37185829}"
EndProject
Project("{FAE04EC0-301F-11D3-BF4B-00C04F79EFBC}") = "Blaven.DataStorage.RavenDb2", "src\Blaven.Storage.RavenDb\Blaven.DataStorage.RavenDb2.csproj", "{19F6406F-9815-43A7-B678-325C35BE7806}"
EndProject
Project("{FAE04EC0-301F-11D3-BF4B-00C04F79EFBC}") = "Blaven.DataStorage.EntityFramework.Portable", "src\Blaven.Storage.EntityFramework\Blaven.DataStorage.EntityFramework.Portable.csproj", "{4F610AB0-3A9B-4F12-AA4F-9831FC5F975C}"
EndProject
Project("{FAE04EC0-301F-11D3-BF4B-00C04F79EFBC}") = "Blaven.DataStorage.EntityFramework.PostgreSql.Portable", "src\Blaven.Storage.EntityFramework.PostgreSql\Blaven.DataStorage.EntityFramework.PostgreSql.Portable.csproj", "{18EB603B-BC90-4378-804B-DCD412C0717D}"
EndProject
Project("{FAE04EC0-301F-11D3-BF4B-00C04F79EFBC}") = "Blaven.DataStorage.EntityFramework.Tests", "test\Blaven.Storage.EntityFramework.Tests\Blaven.DataStorage.EntityFramework.Tests.csproj", "{21D9BDBE-AF87-4016-84F7-53E29179F6F7}"
EndProject
Project("{FAE04EC0-301F-11D3-BF4B-00C04F79EFBC}") = "Blaven.DataStorage.RavenDb2.Tests", "test\Blaven.Storage.RavenDb2.Tests\Blaven.DataStorage.RavenDb2.Tests.csproj", "{3D130A47-80C5-4EB2-B83F-1B458DBF1DF2}"
EndProject
Project("{FAE04EC0-301F-11D3-BF4B-00C04F79EFBC}") = "Blaven.DataStorage.Tests", "test\Blaven.Storage.Tests\Blaven.DataStorage.Tests.csproj", "{0735EBF9-1BE0-4EB3-AB68-D5AE00002C52}"
EndProject
Project("{FAE04EC0-301F-11D3-BF4B-00C04F79EFBC}") = "Blaven.Portable", "src\Blaven\Blaven.Portable.csproj", "{87AA2B88-6B18-4243-9F07-A890F641AE62}"
EndProject
Project("{FAE04EC0-301F-11D3-BF4B-00C04F79EFBC}") = "Blaven", "src\Blaven\Blaven.csproj", "{D4A47162-58B2-40C8-851A-F8D4DED5B936}"
EndProject
Project("{FAE04EC0-301F-11D3-BF4B-00C04F79EFBC}") = "Blaven.BlogSources.Blogger", "src\Blaven.BlogSources.Blogger\Blaven.BlogSources.Blogger.csproj", "{CC40B41E-8FDA-48BD-A226-AB1EBA79B3AC}"
EndProject
Project("{2150E333-8FDC-42A3-9474-1A3956D46DE8}") = "test", "test", "{A7E03FA0-C5B9-4293-AE6A-C18AACD526EF}"
EndProject
Project("{2150E333-8FDC-42A3-9474-1A3956D46DE8}") = "core", "core", "{46CFF0FC-64D8-46DC-A5B4-621B5FCBEA86}"
EndProject
Project("{2150E333-8FDC-42A3-9474-1A3956D46DE8}") = "src", "src", "{2C75C6BC-0DD7-47BF-A964-35A02B2385A6}"
EndProject
Project("{2150E333-8FDC-42A3-9474-1A3956D46DE8}") = "core", "core", "{496640AC-2C4F-4BE8-B049-069B3B0D503C}"
EndProject
Project("{2150E333-8FDC-42A3-9474-1A3956D46DE8}") = "test-integration", "test-integration", "{2D11AF93-501A-4284-9175-1348787894C2}"
EndProject
Project("{FAE04EC0-301F-11D3-BF4B-00C04F79EFBC}") = "Blaven.DataStorage.EntityFramework", "src\Blaven.Storage.EntityFramework\Blaven.DataStorage.EntityFramework.csproj", "{13C1C218-155A-490D-8E05-6082E755ED54}"
EndProject
Project("{FAE04EC0-301F-11D3-BF4B-00C04F79EFBC}") = "Blaven.DataStorage.EntityFramework.PostgreSql", "src\Blaven.Storage.EntityFramework.PostgreSql\Blaven.DataStorage.EntityFramework.PostgreSql.csproj", "{C72AD2C4-6229-4C0E-917A-21F6C17254A1}"
EndProject
Global
	GlobalSection(SolutionConfigurationPlatforms) = preSolution
		Debug|Any CPU = Debug|Any CPU
		Debug|Mixed Platforms = Debug|Mixed Platforms
		Debug|x86 = Debug|x86
		Release|Any CPU = Release|Any CPU
		Release|Mixed Platforms = Release|Mixed Platforms
		Release|x86 = Release|x86
	EndGlobalSection
	GlobalSection(ProjectConfigurationPlatforms) = postSolution
		{1644FBD1-085D-40E1-8B1F-CFCE1FC059AE}.Debug|Any CPU.ActiveCfg = Debug|Any CPU
		{1644FBD1-085D-40E1-8B1F-CFCE1FC059AE}.Debug|Any CPU.Build.0 = Debug|Any CPU
		{1644FBD1-085D-40E1-8B1F-CFCE1FC059AE}.Debug|Mixed Platforms.ActiveCfg = Debug|Any CPU
		{1644FBD1-085D-40E1-8B1F-CFCE1FC059AE}.Debug|Mixed Platforms.Build.0 = Debug|Any CPU
		{1644FBD1-085D-40E1-8B1F-CFCE1FC059AE}.Debug|x86.ActiveCfg = Debug|Any CPU
		{1644FBD1-085D-40E1-8B1F-CFCE1FC059AE}.Release|Any CPU.ActiveCfg = Release|Any CPU
		{1644FBD1-085D-40E1-8B1F-CFCE1FC059AE}.Release|Any CPU.Build.0 = Release|Any CPU
		{1644FBD1-085D-40E1-8B1F-CFCE1FC059AE}.Release|Mixed Platforms.ActiveCfg = Release|Any CPU
		{1644FBD1-085D-40E1-8B1F-CFCE1FC059AE}.Release|Mixed Platforms.Build.0 = Release|Any CPU
		{1644FBD1-085D-40E1-8B1F-CFCE1FC059AE}.Release|x86.ActiveCfg = Release|Any CPU
		{FFA84615-99B6-4498-B5AE-43161A364BBF}.Debug|Any CPU.ActiveCfg = Debug|Any CPU
		{FFA84615-99B6-4498-B5AE-43161A364BBF}.Debug|Any CPU.Build.0 = Debug|Any CPU
		{FFA84615-99B6-4498-B5AE-43161A364BBF}.Debug|Mixed Platforms.ActiveCfg = Debug|Any CPU
		{FFA84615-99B6-4498-B5AE-43161A364BBF}.Debug|Mixed Platforms.Build.0 = Debug|Any CPU
		{FFA84615-99B6-4498-B5AE-43161A364BBF}.Debug|x86.ActiveCfg = Debug|Any CPU
		{FFA84615-99B6-4498-B5AE-43161A364BBF}.Debug|x86.Build.0 = Debug|Any CPU
		{FFA84615-99B6-4498-B5AE-43161A364BBF}.Release|Any CPU.ActiveCfg = Release|Any CPU
		{FFA84615-99B6-4498-B5AE-43161A364BBF}.Release|Any CPU.Build.0 = Release|Any CPU
		{FFA84615-99B6-4498-B5AE-43161A364BBF}.Release|Mixed Platforms.ActiveCfg = Release|Any CPU
		{FFA84615-99B6-4498-B5AE-43161A364BBF}.Release|Mixed Platforms.Build.0 = Release|Any CPU
		{FFA84615-99B6-4498-B5AE-43161A364BBF}.Release|x86.ActiveCfg = Release|Any CPU
		{FFA84615-99B6-4498-B5AE-43161A364BBF}.Release|x86.Build.0 = Release|Any CPU
		{24FB1E1F-4E4F-4063-A54C-99110840C2C7}.Debug|Any CPU.ActiveCfg = Debug|Any CPU
		{24FB1E1F-4E4F-4063-A54C-99110840C2C7}.Debug|Any CPU.Build.0 = Debug|Any CPU
		{24FB1E1F-4E4F-4063-A54C-99110840C2C7}.Debug|Mixed Platforms.ActiveCfg = Debug|Any CPU
		{24FB1E1F-4E4F-4063-A54C-99110840C2C7}.Debug|Mixed Platforms.Build.0 = Debug|Any CPU
		{24FB1E1F-4E4F-4063-A54C-99110840C2C7}.Debug|x86.ActiveCfg = Debug|Any CPU
		{24FB1E1F-4E4F-4063-A54C-99110840C2C7}.Debug|x86.Build.0 = Debug|Any CPU
		{24FB1E1F-4E4F-4063-A54C-99110840C2C7}.Release|Any CPU.ActiveCfg = Release|Any CPU
		{24FB1E1F-4E4F-4063-A54C-99110840C2C7}.Release|Any CPU.Build.0 = Release|Any CPU
		{24FB1E1F-4E4F-4063-A54C-99110840C2C7}.Release|Mixed Platforms.ActiveCfg = Release|Any CPU
		{24FB1E1F-4E4F-4063-A54C-99110840C2C7}.Release|Mixed Platforms.Build.0 = Release|Any CPU
		{24FB1E1F-4E4F-4063-A54C-99110840C2C7}.Release|x86.ActiveCfg = Release|Any CPU
		{24FB1E1F-4E4F-4063-A54C-99110840C2C7}.Release|x86.Build.0 = Release|Any CPU
		{2CFAE5BB-82DF-4710-9E9D-0910176A621D}.Debug|Any CPU.ActiveCfg = Debug|Any CPU
		{2CFAE5BB-82DF-4710-9E9D-0910176A621D}.Debug|Any CPU.Build.0 = Debug|Any CPU
		{2CFAE5BB-82DF-4710-9E9D-0910176A621D}.Debug|Mixed Platforms.ActiveCfg = Debug|Any CPU
		{2CFAE5BB-82DF-4710-9E9D-0910176A621D}.Debug|Mixed Platforms.Build.0 = Debug|Any CPU
		{2CFAE5BB-82DF-4710-9E9D-0910176A621D}.Debug|x86.ActiveCfg = Debug|Any CPU
		{2CFAE5BB-82DF-4710-9E9D-0910176A621D}.Debug|x86.Build.0 = Debug|Any CPU
		{2CFAE5BB-82DF-4710-9E9D-0910176A621D}.Release|Any CPU.ActiveCfg = Release|Any CPU
		{2CFAE5BB-82DF-4710-9E9D-0910176A621D}.Release|Any CPU.Build.0 = Release|Any CPU
		{2CFAE5BB-82DF-4710-9E9D-0910176A621D}.Release|Mixed Platforms.ActiveCfg = Release|Any CPU
		{2CFAE5BB-82DF-4710-9E9D-0910176A621D}.Release|Mixed Platforms.Build.0 = Release|Any CPU
		{2CFAE5BB-82DF-4710-9E9D-0910176A621D}.Release|x86.ActiveCfg = Release|Any CPU
		{2CFAE5BB-82DF-4710-9E9D-0910176A621D}.Release|x86.Build.0 = Release|Any CPU
		{87FBF4E8-FBC4-44D4-969A-785C892AEE30}.Debug|Any CPU.ActiveCfg = Debug|Any CPU
		{87FBF4E8-FBC4-44D4-969A-785C892AEE30}.Debug|Any CPU.Build.0 = Debug|Any CPU
		{87FBF4E8-FBC4-44D4-969A-785C892AEE30}.Debug|Mixed Platforms.ActiveCfg = Debug|Any CPU
		{87FBF4E8-FBC4-44D4-969A-785C892AEE30}.Debug|Mixed Platforms.Build.0 = Debug|Any CPU
		{87FBF4E8-FBC4-44D4-969A-785C892AEE30}.Debug|x86.ActiveCfg = Debug|Any CPU
		{87FBF4E8-FBC4-44D4-969A-785C892AEE30}.Debug|x86.Build.0 = Debug|Any CPU
		{87FBF4E8-FBC4-44D4-969A-785C892AEE30}.Release|Any CPU.ActiveCfg = Release|Any CPU
		{87FBF4E8-FBC4-44D4-969A-785C892AEE30}.Release|Any CPU.Build.0 = Release|Any CPU
		{87FBF4E8-FBC4-44D4-969A-785C892AEE30}.Release|Mixed Platforms.ActiveCfg = Release|Any CPU
		{87FBF4E8-FBC4-44D4-969A-785C892AEE30}.Release|Mixed Platforms.Build.0 = Release|Any CPU
		{87FBF4E8-FBC4-44D4-969A-785C892AEE30}.Release|x86.ActiveCfg = Release|Any CPU
		{87FBF4E8-FBC4-44D4-969A-785C892AEE30}.Release|x86.Build.0 = Release|Any CPU
		{A2A3ECDB-63FD-4F79-80B3-28B4DF4E3DEF}.Debug|Any CPU.ActiveCfg = Debug|Any CPU
		{A2A3ECDB-63FD-4F79-80B3-28B4DF4E3DEF}.Debug|Any CPU.Build.0 = Debug|Any CPU
		{A2A3ECDB-63FD-4F79-80B3-28B4DF4E3DEF}.Debug|Mixed Platforms.ActiveCfg = Debug|Any CPU
		{A2A3ECDB-63FD-4F79-80B3-28B4DF4E3DEF}.Debug|Mixed Platforms.Build.0 = Debug|Any CPU
		{A2A3ECDB-63FD-4F79-80B3-28B4DF4E3DEF}.Debug|x86.ActiveCfg = Debug|Any CPU
		{A2A3ECDB-63FD-4F79-80B3-28B4DF4E3DEF}.Debug|x86.Build.0 = Debug|Any CPU
		{A2A3ECDB-63FD-4F79-80B3-28B4DF4E3DEF}.Release|Any CPU.ActiveCfg = Release|Any CPU
		{A2A3ECDB-63FD-4F79-80B3-28B4DF4E3DEF}.Release|Any CPU.Build.0 = Release|Any CPU
		{A2A3ECDB-63FD-4F79-80B3-28B4DF4E3DEF}.Release|Mixed Platforms.ActiveCfg = Release|Any CPU
		{A2A3ECDB-63FD-4F79-80B3-28B4DF4E3DEF}.Release|Mixed Platforms.Build.0 = Release|Any CPU
		{A2A3ECDB-63FD-4F79-80B3-28B4DF4E3DEF}.Release|x86.ActiveCfg = Release|Any CPU
		{A2A3ECDB-63FD-4F79-80B3-28B4DF4E3DEF}.Release|x86.Build.0 = Release|Any CPU
		{9779E4D2-BD05-4105-96E3-D1D51CE06B00}.Debug|Any CPU.ActiveCfg = Debug|Any CPU
		{9779E4D2-BD05-4105-96E3-D1D51CE06B00}.Debug|Any CPU.Build.0 = Debug|Any CPU
		{9779E4D2-BD05-4105-96E3-D1D51CE06B00}.Debug|Mixed Platforms.ActiveCfg = Debug|Any CPU
		{9779E4D2-BD05-4105-96E3-D1D51CE06B00}.Debug|Mixed Platforms.Build.0 = Debug|Any CPU
		{9779E4D2-BD05-4105-96E3-D1D51CE06B00}.Debug|x86.ActiveCfg = Debug|Any CPU
		{9779E4D2-BD05-4105-96E3-D1D51CE06B00}.Debug|x86.Build.0 = Debug|Any CPU
		{9779E4D2-BD05-4105-96E3-D1D51CE06B00}.Release|Any CPU.ActiveCfg = Release|Any CPU
		{9779E4D2-BD05-4105-96E3-D1D51CE06B00}.Release|Any CPU.Build.0 = Release|Any CPU
		{9779E4D2-BD05-4105-96E3-D1D51CE06B00}.Release|Mixed Platforms.ActiveCfg = Release|Any CPU
		{9779E4D2-BD05-4105-96E3-D1D51CE06B00}.Release|Mixed Platforms.Build.0 = Release|Any CPU
		{9779E4D2-BD05-4105-96E3-D1D51CE06B00}.Release|x86.ActiveCfg = Release|Any CPU
		{9779E4D2-BD05-4105-96E3-D1D51CE06B00}.Release|x86.Build.0 = Release|Any CPU
		{E32D1734-8A79-42A3-863D-782A37185829}.Debug|Any CPU.ActiveCfg = Debug|Any CPU
		{E32D1734-8A79-42A3-863D-782A37185829}.Debug|Any CPU.Build.0 = Debug|Any CPU
		{E32D1734-8A79-42A3-863D-782A37185829}.Debug|Mixed Platforms.ActiveCfg = Debug|Any CPU
		{E32D1734-8A79-42A3-863D-782A37185829}.Debug|Mixed Platforms.Build.0 = Debug|Any CPU
		{E32D1734-8A79-42A3-863D-782A37185829}.Debug|x86.ActiveCfg = Debug|Any CPU
		{E32D1734-8A79-42A3-863D-782A37185829}.Debug|x86.Build.0 = Debug|Any CPU
		{E32D1734-8A79-42A3-863D-782A37185829}.Release|Any CPU.ActiveCfg = Release|Any CPU
		{E32D1734-8A79-42A3-863D-782A37185829}.Release|Any CPU.Build.0 = Release|Any CPU
		{E32D1734-8A79-42A3-863D-782A37185829}.Release|Mixed Platforms.ActiveCfg = Release|Any CPU
		{E32D1734-8A79-42A3-863D-782A37185829}.Release|Mixed Platforms.Build.0 = Release|Any CPU
		{E32D1734-8A79-42A3-863D-782A37185829}.Release|x86.ActiveCfg = Release|Any CPU
		{E32D1734-8A79-42A3-863D-782A37185829}.Release|x86.Build.0 = Release|Any CPU
		{19F6406F-9815-43A7-B678-325C35BE7806}.Debug|Any CPU.ActiveCfg = Debug|Any CPU
		{19F6406F-9815-43A7-B678-325C35BE7806}.Debug|Any CPU.Build.0 = Debug|Any CPU
		{19F6406F-9815-43A7-B678-325C35BE7806}.Debug|Mixed Platforms.ActiveCfg = Debug|Any CPU
		{19F6406F-9815-43A7-B678-325C35BE7806}.Debug|Mixed Platforms.Build.0 = Debug|Any CPU
		{19F6406F-9815-43A7-B678-325C35BE7806}.Debug|x86.ActiveCfg = Debug|Any CPU
		{19F6406F-9815-43A7-B678-325C35BE7806}.Debug|x86.Build.0 = Debug|Any CPU
		{19F6406F-9815-43A7-B678-325C35BE7806}.Release|Any CPU.ActiveCfg = Release|Any CPU
		{19F6406F-9815-43A7-B678-325C35BE7806}.Release|Any CPU.Build.0 = Release|Any CPU
		{19F6406F-9815-43A7-B678-325C35BE7806}.Release|Mixed Platforms.ActiveCfg = Release|Any CPU
		{19F6406F-9815-43A7-B678-325C35BE7806}.Release|Mixed Platforms.Build.0 = Release|Any CPU
		{19F6406F-9815-43A7-B678-325C35BE7806}.Release|x86.ActiveCfg = Release|Any CPU
		{19F6406F-9815-43A7-B678-325C35BE7806}.Release|x86.Build.0 = Release|Any CPU
		{4F610AB0-3A9B-4F12-AA4F-9831FC5F975C}.Debug|Any CPU.ActiveCfg = Debug|Any CPU
		{4F610AB0-3A9B-4F12-AA4F-9831FC5F975C}.Debug|Any CPU.Build.0 = Debug|Any CPU
		{4F610AB0-3A9B-4F12-AA4F-9831FC5F975C}.Debug|Mixed Platforms.ActiveCfg = Debug|Any CPU
		{4F610AB0-3A9B-4F12-AA4F-9831FC5F975C}.Debug|Mixed Platforms.Build.0 = Debug|Any CPU
		{4F610AB0-3A9B-4F12-AA4F-9831FC5F975C}.Debug|x86.ActiveCfg = Debug|Any CPU
		{4F610AB0-3A9B-4F12-AA4F-9831FC5F975C}.Debug|x86.Build.0 = Debug|Any CPU
		{4F610AB0-3A9B-4F12-AA4F-9831FC5F975C}.Release|Any CPU.ActiveCfg = Release|Any CPU
		{4F610AB0-3A9B-4F12-AA4F-9831FC5F975C}.Release|Any CPU.Build.0 = Release|Any CPU
		{4F610AB0-3A9B-4F12-AA4F-9831FC5F975C}.Release|Mixed Platforms.ActiveCfg = Release|Any CPU
		{4F610AB0-3A9B-4F12-AA4F-9831FC5F975C}.Release|Mixed Platforms.Build.0 = Release|Any CPU
		{4F610AB0-3A9B-4F12-AA4F-9831FC5F975C}.Release|x86.ActiveCfg = Release|Any CPU
		{4F610AB0-3A9B-4F12-AA4F-9831FC5F975C}.Release|x86.Build.0 = Release|Any CPU
		{18EB603B-BC90-4378-804B-DCD412C0717D}.Debug|Any CPU.ActiveCfg = Debug|Any CPU
		{18EB603B-BC90-4378-804B-DCD412C0717D}.Debug|Any CPU.Build.0 = Debug|Any CPU
		{18EB603B-BC90-4378-804B-DCD412C0717D}.Debug|Mixed Platforms.ActiveCfg = Debug|Any CPU
		{18EB603B-BC90-4378-804B-DCD412C0717D}.Debug|Mixed Platforms.Build.0 = Debug|Any CPU
		{18EB603B-BC90-4378-804B-DCD412C0717D}.Debug|x86.ActiveCfg = Debug|Any CPU
		{18EB603B-BC90-4378-804B-DCD412C0717D}.Debug|x86.Build.0 = Debug|Any CPU
		{18EB603B-BC90-4378-804B-DCD412C0717D}.Release|Any CPU.ActiveCfg = Release|Any CPU
		{18EB603B-BC90-4378-804B-DCD412C0717D}.Release|Any CPU.Build.0 = Release|Any CPU
		{18EB603B-BC90-4378-804B-DCD412C0717D}.Release|Mixed Platforms.ActiveCfg = Release|Any CPU
		{18EB603B-BC90-4378-804B-DCD412C0717D}.Release|Mixed Platforms.Build.0 = Release|Any CPU
		{18EB603B-BC90-4378-804B-DCD412C0717D}.Release|x86.ActiveCfg = Release|Any CPU
		{18EB603B-BC90-4378-804B-DCD412C0717D}.Release|x86.Build.0 = Release|Any CPU
		{21D9BDBE-AF87-4016-84F7-53E29179F6F7}.Debug|Any CPU.ActiveCfg = Debug|Any CPU
		{21D9BDBE-AF87-4016-84F7-53E29179F6F7}.Debug|Any CPU.Build.0 = Debug|Any CPU
		{21D9BDBE-AF87-4016-84F7-53E29179F6F7}.Debug|Mixed Platforms.ActiveCfg = Debug|Any CPU
		{21D9BDBE-AF87-4016-84F7-53E29179F6F7}.Debug|Mixed Platforms.Build.0 = Debug|Any CPU
		{21D9BDBE-AF87-4016-84F7-53E29179F6F7}.Debug|x86.ActiveCfg = Debug|Any CPU
		{21D9BDBE-AF87-4016-84F7-53E29179F6F7}.Debug|x86.Build.0 = Debug|Any CPU
		{21D9BDBE-AF87-4016-84F7-53E29179F6F7}.Release|Any CPU.ActiveCfg = Release|Any CPU
		{21D9BDBE-AF87-4016-84F7-53E29179F6F7}.Release|Any CPU.Build.0 = Release|Any CPU
		{21D9BDBE-AF87-4016-84F7-53E29179F6F7}.Release|Mixed Platforms.ActiveCfg = Release|Any CPU
		{21D9BDBE-AF87-4016-84F7-53E29179F6F7}.Release|Mixed Platforms.Build.0 = Release|Any CPU
		{21D9BDBE-AF87-4016-84F7-53E29179F6F7}.Release|x86.ActiveCfg = Release|Any CPU
		{21D9BDBE-AF87-4016-84F7-53E29179F6F7}.Release|x86.Build.0 = Release|Any CPU
		{3D130A47-80C5-4EB2-B83F-1B458DBF1DF2}.Debug|Any CPU.ActiveCfg = Debug|Any CPU
		{3D130A47-80C5-4EB2-B83F-1B458DBF1DF2}.Debug|Any CPU.Build.0 = Debug|Any CPU
		{3D130A47-80C5-4EB2-B83F-1B458DBF1DF2}.Debug|Mixed Platforms.ActiveCfg = Debug|Any CPU
		{3D130A47-80C5-4EB2-B83F-1B458DBF1DF2}.Debug|Mixed Platforms.Build.0 = Debug|Any CPU
		{3D130A47-80C5-4EB2-B83F-1B458DBF1DF2}.Debug|x86.ActiveCfg = Debug|Any CPU
		{3D130A47-80C5-4EB2-B83F-1B458DBF1DF2}.Debug|x86.Build.0 = Debug|Any CPU
		{3D130A47-80C5-4EB2-B83F-1B458DBF1DF2}.Release|Any CPU.ActiveCfg = Release|Any CPU
		{3D130A47-80C5-4EB2-B83F-1B458DBF1DF2}.Release|Any CPU.Build.0 = Release|Any CPU
		{3D130A47-80C5-4EB2-B83F-1B458DBF1DF2}.Release|Mixed Platforms.ActiveCfg = Release|Any CPU
		{3D130A47-80C5-4EB2-B83F-1B458DBF1DF2}.Release|Mixed Platforms.Build.0 = Release|Any CPU
		{3D130A47-80C5-4EB2-B83F-1B458DBF1DF2}.Release|x86.ActiveCfg = Release|Any CPU
		{3D130A47-80C5-4EB2-B83F-1B458DBF1DF2}.Release|x86.Build.0 = Release|Any CPU
		{0735EBF9-1BE0-4EB3-AB68-D5AE00002C52}.Debug|Any CPU.ActiveCfg = Debug|Any CPU
		{0735EBF9-1BE0-4EB3-AB68-D5AE00002C52}.Debug|Any CPU.Build.0 = Debug|Any CPU
		{0735EBF9-1BE0-4EB3-AB68-D5AE00002C52}.Debug|Mixed Platforms.ActiveCfg = Debug|Any CPU
		{0735EBF9-1BE0-4EB3-AB68-D5AE00002C52}.Debug|Mixed Platforms.Build.0 = Debug|Any CPU
		{0735EBF9-1BE0-4EB3-AB68-D5AE00002C52}.Debug|x86.ActiveCfg = Debug|Any CPU
		{0735EBF9-1BE0-4EB3-AB68-D5AE00002C52}.Debug|x86.Build.0 = Debug|Any CPU
		{0735EBF9-1BE0-4EB3-AB68-D5AE00002C52}.Release|Any CPU.ActiveCfg = Release|Any CPU
		{0735EBF9-1BE0-4EB3-AB68-D5AE00002C52}.Release|Any CPU.Build.0 = Release|Any CPU
		{0735EBF9-1BE0-4EB3-AB68-D5AE00002C52}.Release|Mixed Platforms.ActiveCfg = Release|Any CPU
		{0735EBF9-1BE0-4EB3-AB68-D5AE00002C52}.Release|Mixed Platforms.Build.0 = Release|Any CPU
		{0735EBF9-1BE0-4EB3-AB68-D5AE00002C52}.Release|x86.ActiveCfg = Release|Any CPU
		{0735EBF9-1BE0-4EB3-AB68-D5AE00002C52}.Release|x86.Build.0 = Release|Any CPU
		{87AA2B88-6B18-4243-9F07-A890F641AE62}.Debug|Any CPU.ActiveCfg = Debug|Any CPU
		{87AA2B88-6B18-4243-9F07-A890F641AE62}.Debug|Any CPU.Build.0 = Debug|Any CPU
		{87AA2B88-6B18-4243-9F07-A890F641AE62}.Debug|Mixed Platforms.ActiveCfg = Debug|Any CPU
		{87AA2B88-6B18-4243-9F07-A890F641AE62}.Debug|Mixed Platforms.Build.0 = Debug|Any CPU
		{87AA2B88-6B18-4243-9F07-A890F641AE62}.Debug|x86.ActiveCfg = Debug|Any CPU
		{87AA2B88-6B18-4243-9F07-A890F641AE62}.Debug|x86.Build.0 = Debug|Any CPU
		{87AA2B88-6B18-4243-9F07-A890F641AE62}.Release|Any CPU.ActiveCfg = Release|Any CPU
		{87AA2B88-6B18-4243-9F07-A890F641AE62}.Release|Any CPU.Build.0 = Release|Any CPU
		{87AA2B88-6B18-4243-9F07-A890F641AE62}.Release|Mixed Platforms.ActiveCfg = Release|Any CPU
		{87AA2B88-6B18-4243-9F07-A890F641AE62}.Release|Mixed Platforms.Build.0 = Release|Any CPU
		{87AA2B88-6B18-4243-9F07-A890F641AE62}.Release|x86.ActiveCfg = Release|Any CPU
		{87AA2B88-6B18-4243-9F07-A890F641AE62}.Release|x86.Build.0 = Release|Any CPU
		{D4A47162-58B2-40C8-851A-F8D4DED5B936}.Debug|Any CPU.ActiveCfg = Debug|Any CPU
		{D4A47162-58B2-40C8-851A-F8D4DED5B936}.Debug|Any CPU.Build.0 = Debug|Any CPU
		{D4A47162-58B2-40C8-851A-F8D4DED5B936}.Debug|Mixed Platforms.ActiveCfg = Debug|Any CPU
		{D4A47162-58B2-40C8-851A-F8D4DED5B936}.Debug|Mixed Platforms.Build.0 = Debug|Any CPU
		{D4A47162-58B2-40C8-851A-F8D4DED5B936}.Debug|x86.ActiveCfg = Debug|Any CPU
		{D4A47162-58B2-40C8-851A-F8D4DED5B936}.Debug|x86.Build.0 = Debug|Any CPU
		{D4A47162-58B2-40C8-851A-F8D4DED5B936}.Release|Any CPU.ActiveCfg = Release|Any CPU
		{D4A47162-58B2-40C8-851A-F8D4DED5B936}.Release|Any CPU.Build.0 = Release|Any CPU
		{D4A47162-58B2-40C8-851A-F8D4DED5B936}.Release|Mixed Platforms.ActiveCfg = Release|Any CPU
		{D4A47162-58B2-40C8-851A-F8D4DED5B936}.Release|Mixed Platforms.Build.0 = Release|Any CPU
		{D4A47162-58B2-40C8-851A-F8D4DED5B936}.Release|x86.ActiveCfg = Release|Any CPU
		{D4A47162-58B2-40C8-851A-F8D4DED5B936}.Release|x86.Build.0 = Release|Any CPU
		{CC40B41E-8FDA-48BD-A226-AB1EBA79B3AC}.Debug|Any CPU.ActiveCfg = Debug|Any CPU
		{CC40B41E-8FDA-48BD-A226-AB1EBA79B3AC}.Debug|Any CPU.Build.0 = Debug|Any CPU
		{CC40B41E-8FDA-48BD-A226-AB1EBA79B3AC}.Debug|Mixed Platforms.ActiveCfg = Debug|Any CPU
		{CC40B41E-8FDA-48BD-A226-AB1EBA79B3AC}.Debug|Mixed Platforms.Build.0 = Debug|Any CPU
		{CC40B41E-8FDA-48BD-A226-AB1EBA79B3AC}.Debug|x86.ActiveCfg = Debug|Any CPU
		{CC40B41E-8FDA-48BD-A226-AB1EBA79B3AC}.Debug|x86.Build.0 = Debug|Any CPU
		{CC40B41E-8FDA-48BD-A226-AB1EBA79B3AC}.Release|Any CPU.ActiveCfg = Release|Any CPU
		{CC40B41E-8FDA-48BD-A226-AB1EBA79B3AC}.Release|Any CPU.Build.0 = Release|Any CPU
		{CC40B41E-8FDA-48BD-A226-AB1EBA79B3AC}.Release|Mixed Platforms.ActiveCfg = Release|Any CPU
		{CC40B41E-8FDA-48BD-A226-AB1EBA79B3AC}.Release|Mixed Platforms.Build.0 = Release|Any CPU
		{CC40B41E-8FDA-48BD-A226-AB1EBA79B3AC}.Release|x86.ActiveCfg = Release|Any CPU
		{CC40B41E-8FDA-48BD-A226-AB1EBA79B3AC}.Release|x86.Build.0 = Release|Any CPU
		{13C1C218-155A-490D-8E05-6082E755ED54}.Debug|Any CPU.ActiveCfg = Debug|Any CPU
		{13C1C218-155A-490D-8E05-6082E755ED54}.Debug|Any CPU.Build.0 = Debug|Any CPU
		{13C1C218-155A-490D-8E05-6082E755ED54}.Debug|Mixed Platforms.ActiveCfg = Debug|Any CPU
		{13C1C218-155A-490D-8E05-6082E755ED54}.Debug|Mixed Platforms.Build.0 = Debug|Any CPU
		{13C1C218-155A-490D-8E05-6082E755ED54}.Debug|x86.ActiveCfg = Debug|Any CPU
		{13C1C218-155A-490D-8E05-6082E755ED54}.Debug|x86.Build.0 = Debug|Any CPU
		{13C1C218-155A-490D-8E05-6082E755ED54}.Release|Any CPU.ActiveCfg = Release|Any CPU
		{13C1C218-155A-490D-8E05-6082E755ED54}.Release|Any CPU.Build.0 = Release|Any CPU
		{13C1C218-155A-490D-8E05-6082E755ED54}.Release|Mixed Platforms.ActiveCfg = Release|Any CPU
		{13C1C218-155A-490D-8E05-6082E755ED54}.Release|Mixed Platforms.Build.0 = Release|Any CPU
		{13C1C218-155A-490D-8E05-6082E755ED54}.Release|x86.ActiveCfg = Release|Any CPU
		{13C1C218-155A-490D-8E05-6082E755ED54}.Release|x86.Build.0 = Release|Any CPU
		{C72AD2C4-6229-4C0E-917A-21F6C17254A1}.Debug|Any CPU.ActiveCfg = Debug|Any CPU
		{C72AD2C4-6229-4C0E-917A-21F6C17254A1}.Debug|Any CPU.Build.0 = Debug|Any CPU
		{C72AD2C4-6229-4C0E-917A-21F6C17254A1}.Debug|Mixed Platforms.ActiveCfg = Debug|Any CPU
		{C72AD2C4-6229-4C0E-917A-21F6C17254A1}.Debug|Mixed Platforms.Build.0 = Debug|Any CPU
		{C72AD2C4-6229-4C0E-917A-21F6C17254A1}.Debug|x86.ActiveCfg = Debug|Any CPU
		{C72AD2C4-6229-4C0E-917A-21F6C17254A1}.Debug|x86.Build.0 = Debug|Any CPU
		{C72AD2C4-6229-4C0E-917A-21F6C17254A1}.Release|Any CPU.ActiveCfg = Release|Any CPU
		{C72AD2C4-6229-4C0E-917A-21F6C17254A1}.Release|Any CPU.Build.0 = Release|Any CPU
		{C72AD2C4-6229-4C0E-917A-21F6C17254A1}.Release|Mixed Platforms.ActiveCfg = Release|Any CPU
		{C72AD2C4-6229-4C0E-917A-21F6C17254A1}.Release|Mixed Platforms.Build.0 = Release|Any CPU
		{C72AD2C4-6229-4C0E-917A-21F6C17254A1}.Release|x86.ActiveCfg = Release|Any CPU
		{C72AD2C4-6229-4C0E-917A-21F6C17254A1}.Release|x86.Build.0 = Release|Any CPU
	EndGlobalSection
	GlobalSection(SolutionProperties) = preSolution
		HideSolutionNode = FALSE
	EndGlobalSection
	GlobalSection(NestedProjects) = preSolution
		{1644FBD1-085D-40E1-8B1F-CFCE1FC059AE} = {46CFF0FC-64D8-46DC-A5B4-621B5FCBEA86}
		{FFA84615-99B6-4498-B5AE-43161A364BBF} = {A7E03FA0-C5B9-4293-AE6A-C18AACD526EF}
		{24FB1E1F-4E4F-4063-A54C-99110840C2C7} = {2D11AF93-501A-4284-9175-1348787894C2}
		{2CFAE5BB-82DF-4710-9E9D-0910176A621D} = {2C75C6BC-0DD7-47BF-A964-35A02B2385A6}
		{87FBF4E8-FBC4-44D4-969A-785C892AEE30} = {46CFF0FC-64D8-46DC-A5B4-621B5FCBEA86}
		{A2A3ECDB-63FD-4F79-80B3-28B4DF4E3DEF} = {2C75C6BC-0DD7-47BF-A964-35A02B2385A6}
		{9779E4D2-BD05-4105-96E3-D1D51CE06B00} = {A7E03FA0-C5B9-4293-AE6A-C18AACD526EF}
		{E32D1734-8A79-42A3-863D-782A37185829} = {2C75C6BC-0DD7-47BF-A964-35A02B2385A6}
		{19F6406F-9815-43A7-B678-325C35BE7806} = {2C75C6BC-0DD7-47BF-A964-35A02B2385A6}
		{4F610AB0-3A9B-4F12-AA4F-9831FC5F975C} = {2C75C6BC-0DD7-47BF-A964-35A02B2385A6}
		{18EB603B-BC90-4378-804B-DCD412C0717D} = {2C75C6BC-0DD7-47BF-A964-35A02B2385A6}
		{21D9BDBE-AF87-4016-84F7-53E29179F6F7} = {A7E03FA0-C5B9-4293-AE6A-C18AACD526EF}
		{3D130A47-80C5-4EB2-B83F-1B458DBF1DF2} = {A7E03FA0-C5B9-4293-AE6A-C18AACD526EF}
		{0735EBF9-1BE0-4EB3-AB68-D5AE00002C52} = {46CFF0FC-64D8-46DC-A5B4-621B5FCBEA86}
		{87AA2B88-6B18-4243-9F07-A890F641AE62} = {496640AC-2C4F-4BE8-B049-069B3B0D503C}
		{D4A47162-58B2-40C8-851A-F8D4DED5B936} = {496640AC-2C4F-4BE8-B049-069B3B0D503C}
		{CC40B41E-8FDA-48BD-A226-AB1EBA79B3AC} = {2C75C6BC-0DD7-47BF-A964-35A02B2385A6}
		{46CFF0FC-64D8-46DC-A5B4-621B5FCBEA86} = {A7E03FA0-C5B9-4293-AE6A-C18AACD526EF}
		{496640AC-2C4F-4BE8-B049-069B3B0D503C} = {2C75C6BC-0DD7-47BF-A964-35A02B2385A6}
		{13C1C218-155A-490D-8E05-6082E755ED54} = {2C75C6BC-0DD7-47BF-A964-35A02B2385A6}
		{C72AD2C4-6229-4C0E-917A-21F6C17254A1} = {2C75C6BC-0DD7-47BF-A964-35A02B2385A6}
	EndGlobalSection
	GlobalSection(TestCaseManagementSettings) = postSolution
		CategoryFile = Blaven.vsmdi
	EndGlobalSection
EndGlobal
